// !$*UTF8*$!
{
	archiveVersion = 1;
	classes = {
	};
	objectVersion = 56;
	objects = {

/* Begin PBXBuildFile section */
		EA4DC00E2B31941A00E0A459 /* DemoCryptoTraderApp.swift in Sources */ = {isa = PBXBuildFile; fileRef = EA4DC00D2B31941A00E0A459 /* DemoCryptoTraderApp.swift */; };
		EA4DC0152B31941D00E0A459 /* Preview Assets.xcassets in Resources */ = {isa = PBXBuildFile; fileRef = EA4DC0142B31941D00E0A459 /* Preview Assets.xcassets */; };
		EA4DC01F2B31941D00E0A459 /* DemoCryptoTraderTests.swift in Sources */ = {isa = PBXBuildFile; fileRef = EA4DC01E2B31941D00E0A459 /* DemoCryptoTraderTests.swift */; };
		EA4DC0292B31941D00E0A459 /* DemoCryptoTraderUITests.swift in Sources */ = {isa = PBXBuildFile; fileRef = EA4DC0282B31941D00E0A459 /* DemoCryptoTraderUITests.swift */; };
		EA4DC02B2B31941D00E0A459 /* DemoCryptoTraderUITestsLaunchTests.swift in Sources */ = {isa = PBXBuildFile; fileRef = EA4DC02A2B31941D00E0A459 /* DemoCryptoTraderUITestsLaunchTests.swift */; };
		EA4DC0382B31955900E0A459 /* Assets.xcassets in Resources */ = {isa = PBXBuildFile; fileRef = EA4DC0372B31955900E0A459 /* Assets.xcassets */; };
		EA4DC03B2B31967B00E0A459 /* Color.swift in Sources */ = {isa = PBXBuildFile; fileRef = EA4DC03A2B31967B00E0A459 /* Color.swift */; };
		EA4DC0432B3199CB00E0A459 /* HomeView.swift in Sources */ = {isa = PBXBuildFile; fileRef = EA4DC0422B3199CB00E0A459 /* HomeView.swift */; };
		EA4DC0472B319B4B00E0A459 /* CircleButtonView.swift in Sources */ = {isa = PBXBuildFile; fileRef = EA4DC0462B319B4B00E0A459 /* CircleButtonView.swift */; };
		EA4DC0492B31BA4100E0A459 /* CircleButtonAnimation.swift in Sources */ = {isa = PBXBuildFile; fileRef = EA4DC0482B31BA4100E0A459 /* CircleButtonAnimation.swift */; };
		EA4DC04C2B31CBC400E0A459 /* CoinModel.swift in Sources */ = {isa = PBXBuildFile; fileRef = EA4DC04B2B31CBC400E0A459 /* CoinModel.swift */; };
		EA4DC04E2B3207B400E0A459 /* CoinRowView.swift in Sources */ = {isa = PBXBuildFile; fileRef = EA4DC04D2B3207B400E0A459 /* CoinRowView.swift */; };
		EA4DC0502B320B0900E0A459 /* PreviewProvider.swift in Sources */ = {isa = PBXBuildFile; fileRef = EA4DC04F2B320B0900E0A459 /* PreviewProvider.swift */; };
		EA4DC0522B32105E00E0A459 /* Double.swift in Sources */ = {isa = PBXBuildFile; fileRef = EA4DC0512B32105E00E0A459 /* Double.swift */; };
		EA9DB3562B35692E00B6A03B /* CoinImageView.swift in Sources */ = {isa = PBXBuildFile; fileRef = EA9DB3552B35692E00B6A03B /* CoinImageView.swift */; };
		EA9DB3582B35708500B6A03B /* CoinImageService.swift in Sources */ = {isa = PBXBuildFile; fileRef = EA9DB3572B35708500B6A03B /* CoinImageService.swift */; };
		EA9DB35A2B35725800B6A03B /* CoinImageViewModel.swift in Sources */ = {isa = PBXBuildFile; fileRef = EA9DB3592B35725800B6A03B /* CoinImageViewModel.swift */; };
		EAA3C7942B357E13000CCD5F /* LocalFileManager.swift in Sources */ = {isa = PBXBuildFile; fileRef = EAA3C7932B357E13000CCD5F /* LocalFileManager.swift */; };
		EAA3C7972B358ABB000CCD5F /* SearchBarView.swift in Sources */ = {isa = PBXBuildFile; fileRef = EAA3C7962B358ABB000CCD5F /* SearchBarView.swift */; };
		EAA3C7992B359D15000CCD5F /* UIApplication.swift in Sources */ = {isa = PBXBuildFile; fileRef = EAA3C7982B359D15000CCD5F /* UIApplication.swift */; };
		EAA3C79B2B35A382000CCD5F /* StatisticsModel.swift in Sources */ = {isa = PBXBuildFile; fileRef = EAA3C79A2B35A382000CCD5F /* StatisticsModel.swift */; };
		EAA3C79D2B35A481000CCD5F /* StatisticView.swift in Sources */ = {isa = PBXBuildFile; fileRef = EAA3C79C2B35A481000CCD5F /* StatisticView.swift */; };
		EAA3C79F2B35A922000CCD5F /* HomeStatsView.swift in Sources */ = {isa = PBXBuildFile; fileRef = EAA3C79E2B35A922000CCD5F /* HomeStatsView.swift */; };
		EAA3C7A12B35CFAE000CCD5F /* MarketDataModel.swift in Sources */ = {isa = PBXBuildFile; fileRef = EAA3C7A02B35CFAE000CCD5F /* MarketDataModel.swift */; };
		EAA3C7A32B35D372000CCD5F /* MarketDataService.swift in Sources */ = {isa = PBXBuildFile; fileRef = EAA3C7A22B35D372000CCD5F /* MarketDataService.swift */; };
		EAA3C7A52B35DAE1000CCD5F /* PortfolioView.swift in Sources */ = {isa = PBXBuildFile; fileRef = EAA3C7A42B35DAE1000CCD5F /* PortfolioView.swift */; };
		EAA3C7A72B3BCFA9000CCD5F /* XMarkButton.swift in Sources */ = {isa = PBXBuildFile; fileRef = EAA3C7A62B3BCFA9000CCD5F /* XMarkButton.swift */; };
		EAA3C7A92B3BFD57000CCD5F /* CoinLogoView.swift in Sources */ = {isa = PBXBuildFile; fileRef = EAA3C7A82B3BFD57000CCD5F /* CoinLogoView.swift */; };
		EAA3C7AD2B3D1F19000CCD5F /* SettingsView.swift in Sources */ = {isa = PBXBuildFile; fileRef = EAA3C7AC2B3D1F19000CCD5F /* SettingsView.swift */; };
		EAA3C7B12B3D4AD0000CCD5F /* LaunchScreen.storyboard in Resources */ = {isa = PBXBuildFile; fileRef = EAA3C7B02B3D4AD0000CCD5F /* LaunchScreen.storyboard */; };
		EAA3C7B32B3D52CE000CCD5F /* LaunchView.swift in Sources */ = {isa = PBXBuildFile; fileRef = EAA3C7B22B3D52CE000CCD5F /* LaunchView.swift */; };
		EAA3C7B62B3EDDC1000CCD5F /* PortfolioContainer.xcdatamodeld in Sources */ = {isa = PBXBuildFile; fileRef = EAA3C7B42B3EDDC0000CCD5F /* PortfolioContainer.xcdatamodeld */; };
		EAA3C7B82B3EDE98000CCD5F /* PortfolioDataService.swift in Sources */ = {isa = PBXBuildFile; fileRef = EAA3C7B72B3EDE98000CCD5F /* PortfolioDataService.swift */; };
		EAA3C7BA2B3EF960000CCD5F /* HapticManager.swift in Sources */ = {isa = PBXBuildFile; fileRef = EAA3C7B92B3EF960000CCD5F /* HapticManager.swift */; };
		EAA3C7BF2B3F19DA000CCD5F /* DetailView.swift in Sources */ = {isa = PBXBuildFile; fileRef = EAA3C7BE2B3F19DA000CCD5F /* DetailView.swift */; };
		EAA3C7C12B3F3655000CCD5F /* CoinDetailModel.swift in Sources */ = {isa = PBXBuildFile; fileRef = EAA3C7C02B3F3655000CCD5F /* CoinDetailModel.swift */; };
		EAA3C7C32B3F417B000CCD5F /* DetailViewModel.swift in Sources */ = {isa = PBXBuildFile; fileRef = EAA3C7C22B3F417B000CCD5F /* DetailViewModel.swift */; };
		EAA3C7C52B3F41B2000CCD5F /* CoinDetailDataService.swift in Sources */ = {isa = PBXBuildFile; fileRef = EAA3C7C42B3F41B2000CCD5F /* CoinDetailDataService.swift */; };
		EAA3C8112B402B4D000CCD5F /* String.swift in Sources */ = {isa = PBXBuildFile; fileRef = EAA3C8102B402B4D000CCD5F /* String.swift */; };
		EAA3C8132B4036B5000CCD5F /* ChartView.swift in Sources */ = {isa = PBXBuildFile; fileRef = EAA3C8122B4036B5000CCD5F /* ChartView.swift */; };
		EAA3C8152B403BEA000CCD5F /* Date.swift in Sources */ = {isa = PBXBuildFile; fileRef = EAA3C8142B403BEA000CCD5F /* Date.swift */; };
		EAE317692B32ADE900300FB7 /* HomeViewModel.swift in Sources */ = {isa = PBXBuildFile; fileRef = EAE317682B32ADE800300FB7 /* HomeViewModel.swift */; };
		EAE3176C2B32EEC700300FB7 /* CoinDataService.swift in Sources */ = {isa = PBXBuildFile; fileRef = EAE3176B2B32EEC700300FB7 /* CoinDataService.swift */; };
		EAE3176F2B33296500300FB7 /* NetworkingManager.swift in Sources */ = {isa = PBXBuildFile; fileRef = EAE3176E2B33296500300FB7 /* NetworkingManager.swift */; };
/* End PBXBuildFile section */

/* Begin PBXContainerItemProxy section */
		EA4DC01B2B31941D00E0A459 /* PBXContainerItemProxy */ = {
			isa = PBXContainerItemProxy;
			containerPortal = EA4DC0022B31941A00E0A459 /* Project object */;
			proxyType = 1;
			remoteGlobalIDString = EA4DC0092B31941A00E0A459;
			remoteInfo = DemoCryptoTrader;
		};
		EA4DC0252B31941D00E0A459 /* PBXContainerItemProxy */ = {
			isa = PBXContainerItemProxy;
			containerPortal = EA4DC0022B31941A00E0A459 /* Project object */;
			proxyType = 1;
			remoteGlobalIDString = EA4DC0092B31941A00E0A459;
			remoteInfo = DemoCryptoTrader;
		};
/* End PBXContainerItemProxy section */

/* Begin PBXFileReference section */
		EA4DC00A2B31941A00E0A459 /* DemoCryptoTrader.app */ = {isa = PBXFileReference; explicitFileType = wrapper.application; includeInIndex = 0; path = DemoCryptoTrader.app; sourceTree = BUILT_PRODUCTS_DIR; };
		EA4DC00D2B31941A00E0A459 /* DemoCryptoTraderApp.swift */ = {isa = PBXFileReference; lastKnownFileType = sourcecode.swift; path = DemoCryptoTraderApp.swift; sourceTree = "<group>"; };
		EA4DC0142B31941D00E0A459 /* Preview Assets.xcassets */ = {isa = PBXFileReference; lastKnownFileType = folder.assetcatalog; path = "Preview Assets.xcassets"; sourceTree = "<group>"; };
		EA4DC01A2B31941D00E0A459 /* DemoCryptoTraderTests.xctest */ = {isa = PBXFileReference; explicitFileType = wrapper.cfbundle; includeInIndex = 0; path = DemoCryptoTraderTests.xctest; sourceTree = BUILT_PRODUCTS_DIR; };
		EA4DC01E2B31941D00E0A459 /* DemoCryptoTraderTests.swift */ = {isa = PBXFileReference; lastKnownFileType = sourcecode.swift; path = DemoCryptoTraderTests.swift; sourceTree = "<group>"; };
		EA4DC0242B31941D00E0A459 /* DemoCryptoTraderUITests.xctest */ = {isa = PBXFileReference; explicitFileType = wrapper.cfbundle; includeInIndex = 0; path = DemoCryptoTraderUITests.xctest; sourceTree = BUILT_PRODUCTS_DIR; };
		EA4DC0282B31941D00E0A459 /* DemoCryptoTraderUITests.swift */ = {isa = PBXFileReference; lastKnownFileType = sourcecode.swift; path = DemoCryptoTraderUITests.swift; sourceTree = "<group>"; };
		EA4DC02A2B31941D00E0A459 /* DemoCryptoTraderUITestsLaunchTests.swift */ = {isa = PBXFileReference; lastKnownFileType = sourcecode.swift; path = DemoCryptoTraderUITestsLaunchTests.swift; sourceTree = "<group>"; };
		EA4DC0372B31955900E0A459 /* Assets.xcassets */ = {isa = PBXFileReference; lastKnownFileType = folder.assetcatalog; name = Assets.xcassets; path = ../../../../Downloads/Resources/Assets.xcassets; sourceTree = "<group>"; };
		EA4DC03A2B31967B00E0A459 /* Color.swift */ = {isa = PBXFileReference; lastKnownFileType = sourcecode.swift; path = Color.swift; sourceTree = "<group>"; };
		EA4DC0422B3199CB00E0A459 /* HomeView.swift */ = {isa = PBXFileReference; lastKnownFileType = sourcecode.swift; path = HomeView.swift; sourceTree = "<group>"; };
		EA4DC0462B319B4B00E0A459 /* CircleButtonView.swift */ = {isa = PBXFileReference; lastKnownFileType = sourcecode.swift; path = CircleButtonView.swift; sourceTree = "<group>"; };
		EA4DC0482B31BA4100E0A459 /* CircleButtonAnimation.swift */ = {isa = PBXFileReference; lastKnownFileType = sourcecode.swift; path = CircleButtonAnimation.swift; sourceTree = "<group>"; };
		EA4DC04B2B31CBC400E0A459 /* CoinModel.swift */ = {isa = PBXFileReference; lastKnownFileType = sourcecode.swift; path = CoinModel.swift; sourceTree = "<group>"; };
		EA4DC04D2B3207B400E0A459 /* CoinRowView.swift */ = {isa = PBXFileReference; lastKnownFileType = sourcecode.swift; path = CoinRowView.swift; sourceTree = "<group>"; };
		EA4DC04F2B320B0900E0A459 /* PreviewProvider.swift */ = {isa = PBXFileReference; lastKnownFileType = sourcecode.swift; path = PreviewProvider.swift; sourceTree = "<group>"; };
		EA4DC0512B32105E00E0A459 /* Double.swift */ = {isa = PBXFileReference; lastKnownFileType = sourcecode.swift; path = Double.swift; sourceTree = "<group>"; };
		EA9DB3552B35692E00B6A03B /* CoinImageView.swift */ = {isa = PBXFileReference; lastKnownFileType = sourcecode.swift; path = CoinImageView.swift; sourceTree = "<group>"; };
		EA9DB3572B35708500B6A03B /* CoinImageService.swift */ = {isa = PBXFileReference; lastKnownFileType = sourcecode.swift; path = CoinImageService.swift; sourceTree = "<group>"; };
		EA9DB3592B35725800B6A03B /* CoinImageViewModel.swift */ = {isa = PBXFileReference; lastKnownFileType = sourcecode.swift; path = CoinImageViewModel.swift; sourceTree = "<group>"; };
		EAA3C7932B357E13000CCD5F /* LocalFileManager.swift */ = {isa = PBXFileReference; lastKnownFileType = sourcecode.swift; path = LocalFileManager.swift; sourceTree = "<group>"; };
		EAA3C7962B358ABB000CCD5F /* SearchBarView.swift */ = {isa = PBXFileReference; lastKnownFileType = sourcecode.swift; path = SearchBarView.swift; sourceTree = "<group>"; };
		EAA3C7982B359D15000CCD5F /* UIApplication.swift */ = {isa = PBXFileReference; lastKnownFileType = sourcecode.swift; path = UIApplication.swift; sourceTree = "<group>"; };
		EAA3C79A2B35A382000CCD5F /* StatisticsModel.swift */ = {isa = PBXFileReference; lastKnownFileType = sourcecode.swift; path = StatisticsModel.swift; sourceTree = "<group>"; };
		EAA3C79C2B35A481000CCD5F /* StatisticView.swift */ = {isa = PBXFileReference; lastKnownFileType = sourcecode.swift; path = StatisticView.swift; sourceTree = "<group>"; };
		EAA3C79E2B35A922000CCD5F /* HomeStatsView.swift */ = {isa = PBXFileReference; lastKnownFileType = sourcecode.swift; path = HomeStatsView.swift; sourceTree = "<group>"; };
		EAA3C7A02B35CFAE000CCD5F /* MarketDataModel.swift */ = {isa = PBXFileReference; lastKnownFileType = sourcecode.swift; path = MarketDataModel.swift; sourceTree = "<group>"; };
		EAA3C7A22B35D372000CCD5F /* MarketDataService.swift */ = {isa = PBXFileReference; lastKnownFileType = sourcecode.swift; path = MarketDataService.swift; sourceTree = "<group>"; };
		EAA3C7A42B35DAE1000CCD5F /* PortfolioView.swift */ = {isa = PBXFileReference; lastKnownFileType = sourcecode.swift; path = PortfolioView.swift; sourceTree = "<group>"; };
		EAA3C7A62B3BCFA9000CCD5F /* XMarkButton.swift */ = {isa = PBXFileReference; lastKnownFileType = sourcecode.swift; path = XMarkButton.swift; sourceTree = "<group>"; };
		EAA3C7A82B3BFD57000CCD5F /* CoinLogoView.swift */ = {isa = PBXFileReference; lastKnownFileType = sourcecode.swift; path = CoinLogoView.swift; sourceTree = "<group>"; };
		EAA3C7AC2B3D1F19000CCD5F /* SettingsView.swift */ = {isa = PBXFileReference; lastKnownFileType = sourcecode.swift; path = SettingsView.swift; sourceTree = "<group>"; };
		EAA3C7B02B3D4AD0000CCD5F /* LaunchScreen.storyboard */ = {isa = PBXFileReference; lastKnownFileType = file.storyboard; path = LaunchScreen.storyboard; sourceTree = "<group>"; };
		EAA3C7B22B3D52CE000CCD5F /* LaunchView.swift */ = {isa = PBXFileReference; lastKnownFileType = sourcecode.swift; path = LaunchView.swift; sourceTree = "<group>"; };
		EAA3C7B52B3EDDC1000CCD5F /* PortfolioContainer.xcdatamodel */ = {isa = PBXFileReference; lastKnownFileType = wrapper.xcdatamodel; path = PortfolioContainer.xcdatamodel; sourceTree = "<group>"; };
		EAA3C7B72B3EDE98000CCD5F /* PortfolioDataService.swift */ = {isa = PBXFileReference; lastKnownFileType = sourcecode.swift; path = PortfolioDataService.swift; sourceTree = "<group>"; };
		EAA3C7B92B3EF960000CCD5F /* HapticManager.swift */ = {isa = PBXFileReference; lastKnownFileType = sourcecode.swift; path = HapticManager.swift; sourceTree = "<group>"; };
		EAA3C7BE2B3F19DA000CCD5F /* DetailView.swift */ = {isa = PBXFileReference; lastKnownFileType = sourcecode.swift; path = DetailView.swift; sourceTree = "<group>"; };
		EAA3C7C02B3F3655000CCD5F /* CoinDetailModel.swift */ = {isa = PBXFileReference; lastKnownFileType = sourcecode.swift; path = CoinDetailModel.swift; sourceTree = "<group>"; };
		EAA3C7C22B3F417B000CCD5F /* DetailViewModel.swift */ = {isa = PBXFileReference; lastKnownFileType = sourcecode.swift; path = DetailViewModel.swift; sourceTree = "<group>"; };
		EAA3C7C42B3F41B2000CCD5F /* CoinDetailDataService.swift */ = {isa = PBXFileReference; lastKnownFileType = sourcecode.swift; path = CoinDetailDataService.swift; sourceTree = "<group>"; };
		EAA3C8102B402B4D000CCD5F /* String.swift */ = {isa = PBXFileReference; lastKnownFileType = sourcecode.swift; path = String.swift; sourceTree = "<group>"; };
		EAA3C8122B4036B5000CCD5F /* ChartView.swift */ = {isa = PBXFileReference; lastKnownFileType = sourcecode.swift; path = ChartView.swift; sourceTree = "<group>"; };
		EAA3C8142B403BEA000CCD5F /* Date.swift */ = {isa = PBXFileReference; lastKnownFileType = sourcecode.swift; path = Date.swift; sourceTree = "<group>"; };
		EAE317682B32ADE800300FB7 /* HomeViewModel.swift */ = {isa = PBXFileReference; lastKnownFileType = sourcecode.swift; path = HomeViewModel.swift; sourceTree = "<group>"; };
		EAE3176B2B32EEC700300FB7 /* CoinDataService.swift */ = {isa = PBXFileReference; lastKnownFileType = sourcecode.swift; path = CoinDataService.swift; sourceTree = "<group>"; };
		EAE3176E2B33296500300FB7 /* NetworkingManager.swift */ = {isa = PBXFileReference; lastKnownFileType = sourcecode.swift; path = NetworkingManager.swift; sourceTree = "<group>"; };
/* End PBXFileReference section */

/* Begin PBXFrameworksBuildPhase section */
		EA4DC0072B31941A00E0A459 /* Frameworks */ = {
			isa = PBXFrameworksBuildPhase;
			buildActionMask = 2147483647;
			files = (
			);
			runOnlyForDeploymentPostprocessing = 0;
		};
		EA4DC0172B31941D00E0A459 /* Frameworks */ = {
			isa = PBXFrameworksBuildPhase;
			buildActionMask = 2147483647;
			files = (
			);
			runOnlyForDeploymentPostprocessing = 0;
		};
		EA4DC0212B31941D00E0A459 /* Frameworks */ = {
			isa = PBXFrameworksBuildPhase;
			buildActionMask = 2147483647;
			files = (
			);
			runOnlyForDeploymentPostprocessing = 0;
		};
/* End PBXFrameworksBuildPhase section */

/* Begin PBXGroup section */
		EA4DC0012B31941A00E0A459 = {
			isa = PBXGroup;
			children = (
				EA4DC00C2B31941A00E0A459 /* DemoCryptoTrader */,
				EA4DC01D2B31941D00E0A459 /* DemoCryptoTraderTests */,
				EA4DC0272B31941D00E0A459 /* DemoCryptoTraderUITests */,
				EA4DC00B2B31941A00E0A459 /* Products */,
			);
			sourceTree = "<group>";
		};
		EA4DC00B2B31941A00E0A459 /* Products */ = {
			isa = PBXGroup;
			children = (
				EA4DC00A2B31941A00E0A459 /* DemoCryptoTrader.app */,
				EA4DC01A2B31941D00E0A459 /* DemoCryptoTraderTests.xctest */,
				EA4DC0242B31941D00E0A459 /* DemoCryptoTraderUITests.xctest */,
			);
			name = Products;
			sourceTree = "<group>";
		};
		EA4DC00C2B31941A00E0A459 /* DemoCryptoTrader */ = {
			isa = PBXGroup;
			children = (
				EA4DC00D2B31941A00E0A459 /* DemoCryptoTraderApp.swift */,
				EAE3176D2B33293000300FB7 /* Utilities */,
				EAE3176A2B32EEA000300FB7 /* Services */,
				EA4DC0392B31965D00E0A459 /* Extensions */,
				EA4DC04A2B31CB9F00E0A459 /* Models */,
				EA4DC03C2B31994700E0A459 /* Core */,
				EA4DC0372B31955900E0A459 /* Assets.xcassets */,
				EA4DC0132B31941D00E0A459 /* Preview Content */,
			);
			path = DemoCryptoTrader;
			sourceTree = "<group>";
		};
		EA4DC0132B31941D00E0A459 /* Preview Content */ = {
			isa = PBXGroup;
			children = (
				EA4DC0142B31941D00E0A459 /* Preview Assets.xcassets */,
			);
			path = "Preview Content";
			sourceTree = "<group>";
		};
		EA4DC01D2B31941D00E0A459 /* DemoCryptoTraderTests */ = {
			isa = PBXGroup;
			children = (
				EA4DC01E2B31941D00E0A459 /* DemoCryptoTraderTests.swift */,
			);
			path = DemoCryptoTraderTests;
			sourceTree = "<group>";
		};
		EA4DC0272B31941D00E0A459 /* DemoCryptoTraderUITests */ = {
			isa = PBXGroup;
			children = (
				EA4DC0282B31941D00E0A459 /* DemoCryptoTraderUITests.swift */,
				EA4DC02A2B31941D00E0A459 /* DemoCryptoTraderUITestsLaunchTests.swift */,
			);
			path = DemoCryptoTraderUITests;
			sourceTree = "<group>";
		};
		EA4DC0392B31965D00E0A459 /* Extensions */ = {
			isa = PBXGroup;
			children = (
				EA4DC03A2B31967B00E0A459 /* Color.swift */,
				EA4DC04F2B320B0900E0A459 /* PreviewProvider.swift */,
				EA4DC0512B32105E00E0A459 /* Double.swift */,
				EAA3C7982B359D15000CCD5F /* UIApplication.swift */,
				EAA3C8102B402B4D000CCD5F /* String.swift */,
				EAA3C8142B403BEA000CCD5F /* Date.swift */,
			);
			path = Extensions;
			sourceTree = "<group>";
		};
		EA4DC03C2B31994700E0A459 /* Core */ = {
			isa = PBXGroup;
			children = (
				EAA3C7BB2B3F19AA000CCD5F /* Detail */,
				EAA3C7AE2B3D4AA4000CCD5F /* Launch */,
				EAA3C7AA2B3D1EEB000CCD5F /* Settings */,
				EA4DC0442B319B1400E0A459 /* Components */,
				EA4DC03D2B31995A00E0A459 /* Home */,
			);
			path = Core;
			sourceTree = "<group>";
		};
		EA4DC03D2B31995A00E0A459 /* Home */ = {
			isa = PBXGroup;
			children = (
				EA4DC03F2B31997700E0A459 /* Views */,
				EA4DC03E2B31996D00E0A459 /* ViewModel */,
			);
			path = Home;
			sourceTree = "<group>";
		};
		EA4DC03E2B31996D00E0A459 /* ViewModel */ = {
			isa = PBXGroup;
			children = (
				EAE317682B32ADE800300FB7 /* HomeViewModel.swift */,
			);
			path = ViewModel;
			sourceTree = "<group>";
		};
		EA4DC03F2B31997700E0A459 /* Views */ = {
			isa = PBXGroup;
			children = (
				EA4DC0422B3199CB00E0A459 /* HomeView.swift */,
				EA4DC04D2B3207B400E0A459 /* CoinRowView.swift */,
				EAA3C79E2B35A922000CCD5F /* HomeStatsView.swift */,
				EAA3C7A42B35DAE1000CCD5F /* PortfolioView.swift */,
			);
			path = Views;
			sourceTree = "<group>";
		};
		EA4DC0442B319B1400E0A459 /* Components */ = {
			isa = PBXGroup;
			children = (
				EA9DB3542B35691800B6A03B /* CoinImage */,
				EA4DC0452B319B2F00E0A459 /* CircleButton */,
				EAA3C7962B358ABB000CCD5F /* SearchBarView.swift */,
				EAA3C79C2B35A481000CCD5F /* StatisticView.swift */,
				EAA3C7A62B3BCFA9000CCD5F /* XMarkButton.swift */,
			);
			path = Components;
			sourceTree = "<group>";
		};
		EA4DC0452B319B2F00E0A459 /* CircleButton */ = {
			isa = PBXGroup;
			children = (
				EA4DC0462B319B4B00E0A459 /* CircleButtonView.swift */,
				EA4DC0482B31BA4100E0A459 /* CircleButtonAnimation.swift */,
			);
			path = CircleButton;
			sourceTree = "<group>";
		};
		EA4DC04A2B31CB9F00E0A459 /* Models */ = {
			isa = PBXGroup;
			children = (
				EA4DC04B2B31CBC400E0A459 /* CoinModel.swift */,
				EAA3C79A2B35A382000CCD5F /* StatisticsModel.swift */,
				EAA3C7A02B35CFAE000CCD5F /* MarketDataModel.swift */,
				EAA3C7B42B3EDDC0000CCD5F /* PortfolioContainer.xcdatamodeld */,
				EAA3C7C02B3F3655000CCD5F /* CoinDetailModel.swift */,
			);
			path = Models;
			sourceTree = "<group>";
		};
		EA9DB3542B35691800B6A03B /* CoinImage */ = {
			isa = PBXGroup;
			children = (
				EA9DB3552B35692E00B6A03B /* CoinImageView.swift */,
				EA9DB3592B35725800B6A03B /* CoinImageViewModel.swift */,
				EAA3C7A82B3BFD57000CCD5F /* CoinLogoView.swift */,
			);
			path = CoinImage;
			sourceTree = "<group>";
		};
		EAA3C7AA2B3D1EEB000CCD5F /* Settings */ = {
			isa = PBXGroup;
			children = (
				EAA3C7AB2B3D1F0E000CCD5F /* Views */,
			);
			path = Settings;
			sourceTree = "<group>";
		};
		EAA3C7AB2B3D1F0E000CCD5F /* Views */ = {
			isa = PBXGroup;
			children = (
				EAA3C7AC2B3D1F19000CCD5F /* SettingsView.swift */,
			);
			path = Views;
			sourceTree = "<group>";
		};
		EAA3C7AE2B3D4AA4000CCD5F /* Launch */ = {
			isa = PBXGroup;
			children = (
				EAA3C7AF2B3D4AB4000CCD5F /* Views */,
				EAA3C7B22B3D52CE000CCD5F /* LaunchView.swift */,
			);
			path = Launch;
			sourceTree = "<group>";
		};
		EAA3C7AF2B3D4AB4000CCD5F /* Views */ = {
			isa = PBXGroup;
			children = (
				EAA3C7B02B3D4AD0000CCD5F /* LaunchScreen.storyboard */,
			);
			path = Views;
			sourceTree = "<group>";
		};
		EAA3C7BB2B3F19AA000CCD5F /* Detail */ = {
			isa = PBXGroup;
			children = (
				EAA3C7BD2B3F19C0000CCD5F /* ViewModels */,
				EAA3C7BC2B3F19B5000CCD5F /* Views */,
			);
			path = Detail;
			sourceTree = "<group>";
		};
		EAA3C7BC2B3F19B5000CCD5F /* Views */ = {
			isa = PBXGroup;
			children = (
				EAA3C7BE2B3F19DA000CCD5F /* DetailView.swift */,
				EAA3C8122B4036B5000CCD5F /* ChartView.swift */,
			);
			path = Views;
			sourceTree = "<group>";
		};
		EAA3C7BD2B3F19C0000CCD5F /* ViewModels */ = {
			isa = PBXGroup;
			children = (
				EAA3C7C22B3F417B000CCD5F /* DetailViewModel.swift */,
			);
			path = ViewModels;
			sourceTree = "<group>";
		};
		EAE3176A2B32EEA000300FB7 /* Services */ = {
			isa = PBXGroup;
			children = (
				EAE3176B2B32EEC700300FB7 /* CoinDataService.swift */,
				EA9DB3572B35708500B6A03B /* CoinImageService.swift */,
				EAA3C7A22B35D372000CCD5F /* MarketDataService.swift */,
				EAA3C7B72B3EDE98000CCD5F /* PortfolioDataService.swift */,
				EAA3C7C42B3F41B2000CCD5F /* CoinDetailDataService.swift */,
			);
			path = Services;
			sourceTree = "<group>";
		};
		EAE3176D2B33293000300FB7 /* Utilities */ = {
			isa = PBXGroup;
			children = (
				EAE3176E2B33296500300FB7 /* NetworkingManager.swift */,
				EAA3C7932B357E13000CCD5F /* LocalFileManager.swift */,
				EAA3C7B92B3EF960000CCD5F /* HapticManager.swift */,
			);
			path = Utilities;
			sourceTree = "<group>";
		};
/* End PBXGroup section */

/* Begin PBXNativeTarget section */
		EA4DC0092B31941A00E0A459 /* DemoCryptoTrader */ = {
			isa = PBXNativeTarget;
			buildConfigurationList = EA4DC02E2B31941D00E0A459 /* Build configuration list for PBXNativeTarget "DemoCryptoTrader" */;
			buildPhases = (
				EA4DC0062B31941A00E0A459 /* Sources */,
				EA4DC0072B31941A00E0A459 /* Frameworks */,
				EA4DC0082B31941A00E0A459 /* Resources */,
			);
			buildRules = (
			);
			dependencies = (
			);
			name = DemoCryptoTrader;
			productName = DemoCryptoTrader;
			productReference = EA4DC00A2B31941A00E0A459 /* DemoCryptoTrader.app */;
			productType = "com.apple.product-type.application";
		};
		EA4DC0192B31941D00E0A459 /* DemoCryptoTraderTests */ = {
			isa = PBXNativeTarget;
			buildConfigurationList = EA4DC0312B31941D00E0A459 /* Build configuration list for PBXNativeTarget "DemoCryptoTraderTests" */;
			buildPhases = (
				EA4DC0162B31941D00E0A459 /* Sources */,
				EA4DC0172B31941D00E0A459 /* Frameworks */,
				EA4DC0182B31941D00E0A459 /* Resources */,
			);
			buildRules = (
			);
			dependencies = (
				EA4DC01C2B31941D00E0A459 /* PBXTargetDependency */,
			);
			name = DemoCryptoTraderTests;
			productName = DemoCryptoTraderTests;
			productReference = EA4DC01A2B31941D00E0A459 /* DemoCryptoTraderTests.xctest */;
			productType = "com.apple.product-type.bundle.unit-test";
		};
		EA4DC0232B31941D00E0A459 /* DemoCryptoTraderUITests */ = {
			isa = PBXNativeTarget;
			buildConfigurationList = EA4DC0342B31941D00E0A459 /* Build configuration list for PBXNativeTarget "DemoCryptoTraderUITests" */;
			buildPhases = (
				EA4DC0202B31941D00E0A459 /* Sources */,
				EA4DC0212B31941D00E0A459 /* Frameworks */,
				EA4DC0222B31941D00E0A459 /* Resources */,
			);
			buildRules = (
			);
			dependencies = (
				EA4DC0262B31941D00E0A459 /* PBXTargetDependency */,
			);
			name = DemoCryptoTraderUITests;
			productName = DemoCryptoTraderUITests;
			productReference = EA4DC0242B31941D00E0A459 /* DemoCryptoTraderUITests.xctest */;
			productType = "com.apple.product-type.bundle.ui-testing";
		};
/* End PBXNativeTarget section */

/* Begin PBXProject section */
		EA4DC0022B31941A00E0A459 /* Project object */ = {
			isa = PBXProject;
			attributes = {
				BuildIndependentTargetsInParallel = 1;
				LastSwiftUpdateCheck = 1510;
				LastUpgradeCheck = 1510;
				TargetAttributes = {
					EA4DC0092B31941A00E0A459 = {
						CreatedOnToolsVersion = 15.1;
					};
					EA4DC0192B31941D00E0A459 = {
						CreatedOnToolsVersion = 15.1;
						TestTargetID = EA4DC0092B31941A00E0A459;
					};
					EA4DC0232B31941D00E0A459 = {
						CreatedOnToolsVersion = 15.1;
						TestTargetID = EA4DC0092B31941A00E0A459;
					};
				};
			};
			buildConfigurationList = EA4DC0052B31941A00E0A459 /* Build configuration list for PBXProject "DemoCryptoTrader" */;
			compatibilityVersion = "Xcode 14.0";
			developmentRegion = en;
			hasScannedForEncodings = 0;
			knownRegions = (
				en,
				Base,
			);
			mainGroup = EA4DC0012B31941A00E0A459;
			productRefGroup = EA4DC00B2B31941A00E0A459 /* Products */;
			projectDirPath = "";
			projectRoot = "";
			targets = (
				EA4DC0092B31941A00E0A459 /* DemoCryptoTrader */,
				EA4DC0192B31941D00E0A459 /* DemoCryptoTraderTests */,
				EA4DC0232B31941D00E0A459 /* DemoCryptoTraderUITests */,
			);
		};
/* End PBXProject section */

/* Begin PBXResourcesBuildPhase section */
		EA4DC0082B31941A00E0A459 /* Resources */ = {
			isa = PBXResourcesBuildPhase;
			buildActionMask = 2147483647;
			files = (
				EAA3C7B12B3D4AD0000CCD5F /* LaunchScreen.storyboard in Resources */,
				EA4DC0152B31941D00E0A459 /* Preview Assets.xcassets in Resources */,
				EA4DC0382B31955900E0A459 /* Assets.xcassets in Resources */,
			);
			runOnlyForDeploymentPostprocessing = 0;
		};
		EA4DC0182B31941D00E0A459 /* Resources */ = {
			isa = PBXResourcesBuildPhase;
			buildActionMask = 2147483647;
			files = (
			);
			runOnlyForDeploymentPostprocessing = 0;
		};
		EA4DC0222B31941D00E0A459 /* Resources */ = {
			isa = PBXResourcesBuildPhase;
			buildActionMask = 2147483647;
			files = (
			);
			runOnlyForDeploymentPostprocessing = 0;
		};
/* End PBXResourcesBuildPhase section */

/* Begin PBXSourcesBuildPhase section */
		EA4DC0062B31941A00E0A459 /* Sources */ = {
			isa = PBXSourcesBuildPhase;
			buildActionMask = 2147483647;
			files = (
				EAE3176C2B32EEC700300FB7 /* CoinDataService.swift in Sources */,
				EA4DC04E2B3207B400E0A459 /* CoinRowView.swift in Sources */,
				EAA3C7BA2B3EF960000CCD5F /* HapticManager.swift in Sources */,
				EAE317692B32ADE900300FB7 /* HomeViewModel.swift in Sources */,
				EAA3C7A72B3BCFA9000CCD5F /* XMarkButton.swift in Sources */,
				EAA3C7942B357E13000CCD5F /* LocalFileManager.swift in Sources */,
				EA4DC0432B3199CB00E0A459 /* HomeView.swift in Sources */,
				EAA3C7A12B35CFAE000CCD5F /* MarketDataModel.swift in Sources */,
				EAA3C7B82B3EDE98000CCD5F /* PortfolioDataService.swift in Sources */,
				EAA3C7B62B3EDDC1000CCD5F /* PortfolioContainer.xcdatamodeld in Sources */,
				EA9DB3562B35692E00B6A03B /* CoinImageView.swift in Sources */,
				EAA3C79D2B35A481000CCD5F /* StatisticView.swift in Sources */,
				EA4DC00E2B31941A00E0A459 /* DemoCryptoTraderApp.swift in Sources */,
				EAA3C79B2B35A382000CCD5F /* StatisticsModel.swift in Sources */,
				EAA3C7992B359D15000CCD5F /* UIApplication.swift in Sources */,
				EAA3C7BF2B3F19DA000CCD5F /* DetailView.swift in Sources */,
				EA4DC0472B319B4B00E0A459 /* CircleButtonView.swift in Sources */,
				EAA3C7B32B3D52CE000CCD5F /* LaunchView.swift in Sources */,
				EAA3C7C12B3F3655000CCD5F /* CoinDetailModel.swift in Sources */,
				EA4DC0492B31BA4100E0A459 /* CircleButtonAnimation.swift in Sources */,
				EAA3C7972B358ABB000CCD5F /* SearchBarView.swift in Sources */,
				EAE3176F2B33296500300FB7 /* NetworkingManager.swift in Sources */,
				EAA3C8132B4036B5000CCD5F /* ChartView.swift in Sources */,
				EAA3C7C32B3F417B000CCD5F /* DetailViewModel.swift in Sources */,
				EAA3C7A92B3BFD57000CCD5F /* CoinLogoView.swift in Sources */,
				EAA3C79F2B35A922000CCD5F /* HomeStatsView.swift in Sources */,
				EAA3C7A32B35D372000CCD5F /* MarketDataService.swift in Sources */,
				EAA3C8112B402B4D000CCD5F /* String.swift in Sources */,
				EA4DC03B2B31967B00E0A459 /* Color.swift in Sources */,
				EAA3C7AD2B3D1F19000CCD5F /* SettingsView.swift in Sources */,
				EAA3C7C52B3F41B2000CCD5F /* CoinDetailDataService.swift in Sources */,
				EA9DB35A2B35725800B6A03B /* CoinImageViewModel.swift in Sources */,
				EA4DC0502B320B0900E0A459 /* PreviewProvider.swift in Sources */,
				EAA3C7A52B35DAE1000CCD5F /* PortfolioView.swift in Sources */,
				EA4DC0522B32105E00E0A459 /* Double.swift in Sources */,
				EAA3C8152B403BEA000CCD5F /* Date.swift in Sources */,
				EA9DB3582B35708500B6A03B /* CoinImageService.swift in Sources */,
				EA4DC04C2B31CBC400E0A459 /* CoinModel.swift in Sources */,
			);
			runOnlyForDeploymentPostprocessing = 0;
		};
		EA4DC0162B31941D00E0A459 /* Sources */ = {
			isa = PBXSourcesBuildPhase;
			buildActionMask = 2147483647;
			files = (
				EA4DC01F2B31941D00E0A459 /* DemoCryptoTraderTests.swift in Sources */,
			);
			runOnlyForDeploymentPostprocessing = 0;
		};
		EA4DC0202B31941D00E0A459 /* Sources */ = {
			isa = PBXSourcesBuildPhase;
			buildActionMask = 2147483647;
			files = (
				EA4DC02B2B31941D00E0A459 /* DemoCryptoTraderUITestsLaunchTests.swift in Sources */,
				EA4DC0292B31941D00E0A459 /* DemoCryptoTraderUITests.swift in Sources */,
			);
			runOnlyForDeploymentPostprocessing = 0;
		};
/* End PBXSourcesBuildPhase section */

/* Begin PBXTargetDependency section */
		EA4DC01C2B31941D00E0A459 /* PBXTargetDependency */ = {
			isa = PBXTargetDependency;
			target = EA4DC0092B31941A00E0A459 /* DemoCryptoTrader */;
			targetProxy = EA4DC01B2B31941D00E0A459 /* PBXContainerItemProxy */;
		};
		EA4DC0262B31941D00E0A459 /* PBXTargetDependency */ = {
			isa = PBXTargetDependency;
			target = EA4DC0092B31941A00E0A459 /* DemoCryptoTrader */;
			targetProxy = EA4DC0252B31941D00E0A459 /* PBXContainerItemProxy */;
		};
/* End PBXTargetDependency section */

/* Begin XCBuildConfiguration section */
		EA4DC02C2B31941D00E0A459 /* Debug */ = {
			isa = XCBuildConfiguration;
			buildSettings = {
				ALWAYS_SEARCH_USER_PATHS = NO;
				ASSETCATALOG_COMPILER_GENERATE_SWIFT_ASSET_SYMBOL_EXTENSIONS = YES;
				CLANG_ANALYZER_NONNULL = YES;
				CLANG_ANALYZER_NUMBER_OBJECT_CONVERSION = YES_AGGRESSIVE;
				CLANG_CXX_LANGUAGE_STANDARD = "gnu++20";
				CLANG_ENABLE_MODULES = YES;
				CLANG_ENABLE_OBJC_ARC = YES;
				CLANG_ENABLE_OBJC_WEAK = YES;
				CLANG_WARN_BLOCK_CAPTURE_AUTORELEASING = YES;
				CLANG_WARN_BOOL_CONVERSION = YES;
				CLANG_WARN_COMMA = YES;
				CLANG_WARN_CONSTANT_CONVERSION = YES;
				CLANG_WARN_DEPRECATED_OBJC_IMPLEMENTATIONS = YES;
				CLANG_WARN_DIRECT_OBJC_ISA_USAGE = YES_ERROR;
				CLANG_WARN_DOCUMENTATION_COMMENTS = YES;
				CLANG_WARN_EMPTY_BODY = YES;
				CLANG_WARN_ENUM_CONVERSION = YES;
				CLANG_WARN_INFINITE_RECURSION = YES;
				CLANG_WARN_INT_CONVERSION = YES;
				CLANG_WARN_NON_LITERAL_NULL_CONVERSION = YES;
				CLANG_WARN_OBJC_IMPLICIT_RETAIN_SELF = YES;
				CLANG_WARN_OBJC_LITERAL_CONVERSION = YES;
				CLANG_WARN_OBJC_ROOT_CLASS = YES_ERROR;
				CLANG_WARN_QUOTED_INCLUDE_IN_FRAMEWORK_HEADER = YES;
				CLANG_WARN_RANGE_LOOP_ANALYSIS = YES;
				CLANG_WARN_STRICT_PROTOTYPES = YES;
				CLANG_WARN_SUSPICIOUS_MOVE = YES;
				CLANG_WARN_UNGUARDED_AVAILABILITY = YES_AGGRESSIVE;
				CLANG_WARN_UNREACHABLE_CODE = YES;
				CLANG_WARN__DUPLICATE_METHOD_MATCH = YES;
				COPY_PHASE_STRIP = NO;
				DEBUG_INFORMATION_FORMAT = dwarf;
				ENABLE_STRICT_OBJC_MSGSEND = YES;
				ENABLE_TESTABILITY = YES;
				ENABLE_USER_SCRIPT_SANDBOXING = YES;
				GCC_C_LANGUAGE_STANDARD = gnu17;
				GCC_DYNAMIC_NO_PIC = NO;
				GCC_NO_COMMON_BLOCKS = YES;
				GCC_OPTIMIZATION_LEVEL = 0;
				GCC_PREPROCESSOR_DEFINITIONS = (
					"DEBUG=1",
					"$(inherited)",
				);
				GCC_WARN_64_TO_32_BIT_CONVERSION = YES;
				GCC_WARN_ABOUT_RETURN_TYPE = YES_ERROR;
				GCC_WARN_UNDECLARED_SELECTOR = YES;
				GCC_WARN_UNINITIALIZED_AUTOS = YES_AGGRESSIVE;
				GCC_WARN_UNUSED_FUNCTION = YES;
				GCC_WARN_UNUSED_VARIABLE = YES;
				IPHONEOS_DEPLOYMENT_TARGET = 17.2;
				LOCALIZATION_PREFERS_STRING_CATALOGS = YES;
				MTL_ENABLE_DEBUG_INFO = INCLUDE_SOURCE;
				MTL_FAST_MATH = YES;
				ONLY_ACTIVE_ARCH = YES;
				SDKROOT = iphoneos;
				SWIFT_ACTIVE_COMPILATION_CONDITIONS = "DEBUG $(inherited)";
				SWIFT_OPTIMIZATION_LEVEL = "-Onone";
			};
			name = Debug;
		};
		EA4DC02D2B31941D00E0A459 /* Release */ = {
			isa = XCBuildConfiguration;
			buildSettings = {
				ALWAYS_SEARCH_USER_PATHS = NO;
				ASSETCATALOG_COMPILER_GENERATE_SWIFT_ASSET_SYMBOL_EXTENSIONS = YES;
				CLANG_ANALYZER_NONNULL = YES;
				CLANG_ANALYZER_NUMBER_OBJECT_CONVERSION = YES_AGGRESSIVE;
				CLANG_CXX_LANGUAGE_STANDARD = "gnu++20";
				CLANG_ENABLE_MODULES = YES;
				CLANG_ENABLE_OBJC_ARC = YES;
				CLANG_ENABLE_OBJC_WEAK = YES;
				CLANG_WARN_BLOCK_CAPTURE_AUTORELEASING = YES;
				CLANG_WARN_BOOL_CONVERSION = YES;
				CLANG_WARN_COMMA = YES;
				CLANG_WARN_CONSTANT_CONVERSION = YES;
				CLANG_WARN_DEPRECATED_OBJC_IMPLEMENTATIONS = YES;
				CLANG_WARN_DIRECT_OBJC_ISA_USAGE = YES_ERROR;
				CLANG_WARN_DOCUMENTATION_COMMENTS = YES;
				CLANG_WARN_EMPTY_BODY = YES;
				CLANG_WARN_ENUM_CONVERSION = YES;
				CLANG_WARN_INFINITE_RECURSION = YES;
				CLANG_WARN_INT_CONVERSION = YES;
				CLANG_WARN_NON_LITERAL_NULL_CONVERSION = YES;
				CLANG_WARN_OBJC_IMPLICIT_RETAIN_SELF = YES;
				CLANG_WARN_OBJC_LITERAL_CONVERSION = YES;
				CLANG_WARN_OBJC_ROOT_CLASS = YES_ERROR;
				CLANG_WARN_QUOTED_INCLUDE_IN_FRAMEWORK_HEADER = YES;
				CLANG_WARN_RANGE_LOOP_ANALYSIS = YES;
				CLANG_WARN_STRICT_PROTOTYPES = YES;
				CLANG_WARN_SUSPICIOUS_MOVE = YES;
				CLANG_WARN_UNGUARDED_AVAILABILITY = YES_AGGRESSIVE;
				CLANG_WARN_UNREACHABLE_CODE = YES;
				CLANG_WARN__DUPLICATE_METHOD_MATCH = YES;
				COPY_PHASE_STRIP = NO;
				DEBUG_INFORMATION_FORMAT = "dwarf-with-dsym";
				ENABLE_NS_ASSERTIONS = NO;
				ENABLE_STRICT_OBJC_MSGSEND = YES;
				ENABLE_USER_SCRIPT_SANDBOXING = YES;
				GCC_C_LANGUAGE_STANDARD = gnu17;
				GCC_NO_COMMON_BLOCKS = YES;
				GCC_WARN_64_TO_32_BIT_CONVERSION = YES;
				GCC_WARN_ABOUT_RETURN_TYPE = YES_ERROR;
				GCC_WARN_UNDECLARED_SELECTOR = YES;
				GCC_WARN_UNINITIALIZED_AUTOS = YES_AGGRESSIVE;
				GCC_WARN_UNUSED_FUNCTION = YES;
				GCC_WARN_UNUSED_VARIABLE = YES;
				IPHONEOS_DEPLOYMENT_TARGET = 17.2;
				LOCALIZATION_PREFERS_STRING_CATALOGS = YES;
				MTL_ENABLE_DEBUG_INFO = NO;
				MTL_FAST_MATH = YES;
				SDKROOT = iphoneos;
				SWIFT_COMPILATION_MODE = wholemodule;
				VALIDATE_PRODUCT = YES;
			};
			name = Release;
		};
		EA4DC02F2B31941D00E0A459 /* Debug */ = {
			isa = XCBuildConfiguration;
			buildSettings = {
				ASSETCATALOG_COMPILER_APPICON_NAME = AppIcon;
				ASSETCATALOG_COMPILER_GLOBAL_ACCENT_COLOR_NAME = AccentColor;
				CODE_SIGN_STYLE = Automatic;
				CURRENT_PROJECT_VERSION = 1;
				DEVELOPMENT_ASSET_PATHS = "\"DemoCryptoTrader/Preview Content\"";
				DEVELOPMENT_TEAM = 9X3R46ZL54;
				ENABLE_PREVIEWS = YES;
				GENERATE_INFOPLIST_FILE = YES;
				INFOPLIST_KEY_CFBundleDisplayName = DemoTrader;
				INFOPLIST_KEY_LSApplicationCategoryType = "public.app-category.education";
				INFOPLIST_KEY_UIApplicationSceneManifest_Generation = YES;
				INFOPLIST_KEY_UIApplicationSupportsIndirectInputEvents = YES;
				INFOPLIST_KEY_UILaunchScreen_Generation = YES;
				INFOPLIST_KEY_UILaunchStoryboardName = LaunchScreen.storyboard;
				INFOPLIST_KEY_UISupportedInterfaceOrientations_iPad = "UIInterfaceOrientationPortrait UIInterfaceOrientationPortraitUpsideDown UIInterfaceOrientationLandscapeLeft UIInterfaceOrientationLandscapeRight";
				INFOPLIST_KEY_UISupportedInterfaceOrientations_iPhone = "UIInterfaceOrientationPortrait UIInterfaceOrientationLandscapeLeft UIInterfaceOrientationLandscapeRight";
				IPHONEOS_DEPLOYMENT_TARGET = 16.0;
				LD_RUNPATH_SEARCH_PATHS = (
					"$(inherited)",
					"@executable_path/Frameworks",
				);
				MARKETING_VERSION = 1.0;
				PRODUCT_BUNDLE_IDENTIFIER = com.anandjeechoubey.DemoCryptoTrader;
				PRODUCT_NAME = "$(TARGET_NAME)";
				SWIFT_EMIT_LOC_STRINGS = YES;
				SWIFT_VERSION = 5.0;
				TARGETED_DEVICE_FAMILY = "1,2";
			};
			name = Debug;
		};
		EA4DC0302B31941D00E0A459 /* Release */ = {
			isa = XCBuildConfiguration;
			buildSettings = {
				ASSETCATALOG_COMPILER_APPICON_NAME = AppIcon;
				ASSETCATALOG_COMPILER_GLOBAL_ACCENT_COLOR_NAME = AccentColor;
				CODE_SIGN_STYLE = Automatic;
				CURRENT_PROJECT_VERSION = 1;
				DEVELOPMENT_ASSET_PATHS = "\"DemoCryptoTrader/Preview Content\"";
				DEVELOPMENT_TEAM = 9X3R46ZL54;
				ENABLE_PREVIEWS = YES;
				GENERATE_INFOPLIST_FILE = YES;
				INFOPLIST_KEY_CFBundleDisplayName = DemoTrader;
				INFOPLIST_KEY_LSApplicationCategoryType = "public.app-category.education";
				INFOPLIST_KEY_UIApplicationSceneManifest_Generation = YES;
				INFOPLIST_KEY_UIApplicationSupportsIndirectInputEvents = YES;
				INFOPLIST_KEY_UILaunchScreen_Generation = YES;
				INFOPLIST_KEY_UILaunchStoryboardName = LaunchScreen.storyboard;
				INFOPLIST_KEY_UISupportedInterfaceOrientations_iPad = "UIInterfaceOrientationPortrait UIInterfaceOrientationPortraitUpsideDown UIInterfaceOrientationLandscapeLeft UIInterfaceOrientationLandscapeRight";
				INFOPLIST_KEY_UISupportedInterfaceOrientations_iPhone = "UIInterfaceOrientationPortrait UIInterfaceOrientationLandscapeLeft UIInterfaceOrientationLandscapeRight";
				IPHONEOS_DEPLOYMENT_TARGET = 16.0;
				LD_RUNPATH_SEARCH_PATHS = (
					"$(inherited)",
					"@executable_path/Frameworks",
				);
				MARKETING_VERSION = 1.0;
				PRODUCT_BUNDLE_IDENTIFIER = com.anandjeechoubey.DemoCryptoTrader;
				PRODUCT_NAME = "$(TARGET_NAME)";
				SWIFT_EMIT_LOC_STRINGS = YES;
				SWIFT_VERSION = 5.0;
				TARGETED_DEVICE_FAMILY = "1,2";
			};
			name = Release;
		};
		EA4DC0322B31941D00E0A459 /* Debug */ = {
			isa = XCBuildConfiguration;
			buildSettings = {
				ALWAYS_EMBED_SWIFT_STANDARD_LIBRARIES = YES;
				BUNDLE_LOADER = "$(TEST_HOST)";
				CODE_SIGN_STYLE = Automatic;
				CURRENT_PROJECT_VERSION = 1;
				DEVELOPMENT_TEAM = 9X3R46ZL54;
				GENERATE_INFOPLIST_FILE = YES;
				IPHONEOS_DEPLOYMENT_TARGET = 17.2;
				MARKETING_VERSION = 1.0;
				PRODUCT_BUNDLE_IDENTIFIER = com.anandjeechoubey.DemoCryptoTraderTests;
				PRODUCT_NAME = "$(TARGET_NAME)";
				SWIFT_EMIT_LOC_STRINGS = NO;
				SWIFT_VERSION = 5.0;
				TARGETED_DEVICE_FAMILY = "1,2";
				TEST_HOST = "$(BUILT_PRODUCTS_DIR)/DemoCryptoTrader.app/$(BUNDLE_EXECUTABLE_FOLDER_PATH)/DemoCryptoTrader";
			};
			name = Debug;
		};
		EA4DC0332B31941D00E0A459 /* Release */ = {
			isa = XCBuildConfiguration;
			buildSettings = {
				ALWAYS_EMBED_SWIFT_STANDARD_LIBRARIES = YES;
				BUNDLE_LOADER = "$(TEST_HOST)";
				CODE_SIGN_STYLE = Automatic;
				CURRENT_PROJECT_VERSION = 1;
				DEVELOPMENT_TEAM = 9X3R46ZL54;
				GENERATE_INFOPLIST_FILE = YES;
				IPHONEOS_DEPLOYMENT_TARGET = 17.2;
				MARKETING_VERSION = 1.0;
				PRODUCT_BUNDLE_IDENTIFIER = com.anandjeechoubey.DemoCryptoTraderTests;
				PRODUCT_NAME = "$(TARGET_NAME)";
				SWIFT_EMIT_LOC_STRINGS = NO;
				SWIFT_VERSION = 5.0;
				TARGETED_DEVICE_FAMILY = "1,2";
				TEST_HOST = "$(BUILT_PRODUCTS_DIR)/DemoCryptoTrader.app/$(BUNDLE_EXECUTABLE_FOLDER_PATH)/DemoCryptoTrader";
			};
			name = Release;
		};
		EA4DC0352B31941D00E0A459 /* Debug */ = {
			isa = XCBuildConfiguration;
			buildSettings = {
				ALWAYS_EMBED_SWIFT_STANDARD_LIBRARIES = YES;
				CODE_SIGN_STYLE = Automatic;
				CURRENT_PROJECT_VERSION = 1;
				DEVELOPMENT_TEAM = 9X3R46ZL54;
				GENERATE_INFOPLIST_FILE = YES;
				MARKETING_VERSION = 1.0;
				PRODUCT_BUNDLE_IDENTIFIER = com.anandjeechoubey.DemoCryptoTraderUITests;
				PRODUCT_NAME = "$(TARGET_NAME)";
				SWIFT_EMIT_LOC_STRINGS = NO;
				SWIFT_VERSION = 5.0;
				TARGETED_DEVICE_FAMILY = "1,2";
				TEST_TARGET_NAME = DemoCryptoTrader;
			};
			name = Debug;
		};
		EA4DC0362B31941D00E0A459 /* Release */ = {
			isa = XCBuildConfiguration;
			buildSettings = {
				ALWAYS_EMBED_SWIFT_STANDARD_LIBRARIES = YES;
				CODE_SIGN_STYLE = Automatic;
				CURRENT_PROJECT_VERSION = 1;
				DEVELOPMENT_TEAM = 9X3R46ZL54;
				GENERATE_INFOPLIST_FILE = YES;
				MARKETING_VERSION = 1.0;
				PRODUCT_BUNDLE_IDENTIFIER = com.anandjeechoubey.DemoCryptoTraderUITests;
				PRODUCT_NAME = "$(TARGET_NAME)";
				SWIFT_EMIT_LOC_STRINGS = NO;
				SWIFT_VERSION = 5.0;
				TARGETED_DEVICE_FAMILY = "1,2";
				TEST_TARGET_NAME = DemoCryptoTrader;
			};
			name = Release;
		};
/* End XCBuildConfiguration section */

/* Begin XCConfigurationList section */
		EA4DC0052B31941A00E0A459 /* Build configuration list for PBXProject "DemoCryptoTrader" */ = {
			isa = XCConfigurationList;
			buildConfigurations = (
				EA4DC02C2B31941D00E0A459 /* Debug */,
				EA4DC02D2B31941D00E0A459 /* Release */,
			);
			defaultConfigurationIsVisible = 0;
			defaultConfigurationName = Release;
		};
		EA4DC02E2B31941D00E0A459 /* Build configuration list for PBXNativeTarget "DemoCryptoTrader" */ = {
			isa = XCConfigurationList;
			buildConfigurations = (
				EA4DC02F2B31941D00E0A459 /* Debug */,
				EA4DC0302B31941D00E0A459 /* Release */,
			);
			defaultConfigurationIsVisible = 0;
			defaultConfigurationName = Release;
		};
		EA4DC0312B31941D00E0A459 /* Build configuration list for PBXNativeTarget "DemoCryptoTraderTests" */ = {
			isa = XCConfigurationList;
			buildConfigurations = (
				EA4DC0322B31941D00E0A459 /* Debug */,
				EA4DC0332B31941D00E0A459 /* Release */,
			);
			defaultConfigurationIsVisible = 0;
			defaultConfigurationName = Release;
		};
		EA4DC0342B31941D00E0A459 /* Build configuration list for PBXNativeTarget "DemoCryptoTraderUITests" */ = {
			isa = XCConfigurationList;
			buildConfigurations = (
				EA4DC0352B31941D00E0A459 /* Debug */,
				EA4DC0362B31941D00E0A459 /* Release */,
			);
			defaultConfigurationIsVisible = 0;
			defaultConfigurationName = Release;
		};
/* End XCConfigurationList section */

/* Begin XCVersionGroup section */
		EAA3C7B42B3EDDC0000CCD5F /* PortfolioContainer.xcdatamodeld */ = {
			isa = XCVersionGroup;
			children = (
				EAA3C7B52B3EDDC1000CCD5F /* PortfolioContainer.xcdatamodel */,
			);
			currentVersion = EAA3C7B52B3EDDC1000CCD5F /* PortfolioContainer.xcdatamodel */;
			path = PortfolioContainer.xcdatamodeld;
			sourceTree = "<group>";
			versionGroupType = wrapper.xcdatamodel;
		};
/* End XCVersionGroup section */
	};
	rootObject = EA4DC0022B31941A00E0A459 /* Project object */;
}
